
Microsoft Visual Studio Solution File, Format Version 12.00
# Visual Studio 2013
VisualStudioVersion = 12.0.21005.1
MinimumVisualStudioVersion = 10.0.40219.1
Project("{FAE04EC0-301F-11D3-BF4B-00C04F79EFBC}") = "HRSystem.Models", "HRSystem.Models\HRSystem.Models.csproj", "{7674146C-0718-4DD3-B5DF-8EF3A4745B4E}"
EndProject
Project("{FAE04EC0-301F-11D3-BF4B-00C04F79EFBC}") = "HRSystem.Data", "HRSystem.Data\HRSystem.Data.csproj", "{7F6A86FF-7F6C-46DE-8E97-897FF0978FB4}"
EndProject
Project("{FAE04EC0-301F-11D3-BF4B-00C04F79EFBC}") = "HRSystem.Services", "HRSystem.Services\HRSystem.Services.csproj", "{5354D4F7-6ACD-4D3B-925E-8C5D724DD0C7}"
EndProject
Global
	GlobalSection(SolutionConfigurationPlatforms) = preSolution
		Debug|Any CPU = Debug|Any CPU
		Release|Any CPU = Release|Any CPU
	EndGlobalSection
	GlobalSection(ProjectConfigurationPlatforms) = postSolution
		{7674146C-0718-4DD3-B5DF-8EF3A4745B4E}.Debug|Any CPU.ActiveCfg = Debug|Any CPU
		{7674146C-0718-4DD3-B5DF-8EF3A4745B4E}.Debug|Any CPU.Build.0 = Debug|Any CPU
		{7674146C-0718-4DD3-B5DF-8EF3A4745B4E}.Release|Any CPU.ActiveCfg = Release|Any CPU
		{7674146C-0718-4DD3-B5DF-8EF3A4745B4E}.Release|Any CPU.Build.0 = Release|Any CPU
		{7F6A86FF-7F6C-46DE-8E97-897FF0978FB4}.Debug|Any CPU.ActiveCfg = Debug|Any CPU
		{7F6A86FF-7F6C-46DE-8E97-897FF0978FB4}.Debug|Any CPU.Build.0 = Debug|Any CPU
		{7F6A86FF-7F6C-46DE-8E97-897FF0978FB4}.Release|Any CPU.ActiveCfg = Release|Any CPU
		{7F6A86FF-7F6C-46DE-8E97-897FF0978FB4}.Release|Any CPU.Build.0 = Release|Any CPU
		{5354D4F7-6ACD-4D3B-925E-8C5D724DD0C7}.Debug|Any CPU.ActiveCfg = Debug|Any CPU
		{5354D4F7-6ACD-4D3B-925E-8C5D724DD0C7}.Debug|Any CPU.Build.0 = Debug|Any CPU
		{5354D4F7-6ACD-4D3B-925E-8C5D724DD0C7}.Release|Any CPU.ActiveCfg = Release|Any CPU
		{5354D4F7-6ACD-4D3B-925E-8C5D724DD0C7}.Release|Any CPU.Build.0 = Release|Any CPU
	EndGlobalSection
	GlobalSection(SolutionProperties) = preSolution
		HideSolutionNode = FALSE
	EndGlobalSection
EndGlobal
